
Microsoft Visual Studio Solution File, Format Version 12.00
# Visual Studio Version 16
VisualStudioVersion = 16.0.30503.244
MinimumVisualStudioVersion = 10.0.40219.1
Project("{2150E333-8FDC-42A3-9474-1A3956D46DE8}") = "Solution Items", "Solution Items", "{63923B28-F5B9-477D-AF5A-000F7482418F}"
	ProjectSection(SolutionItems) = preProject
		.gitignore = .gitignore
		LICENSE = LICENSE
		README.md = README.md
	EndProjectSection
EndProject
Project("{2150E333-8FDC-42A3-9474-1A3956D46DE8}") = "Tasks", "Tasks", "{F2E7A0A3-E35B-4891-A97C-AABB0CCE2DDB}"
EndProject
Project("{9A19103F-16F7-4668-BE54-9A1E7A4F7556}") = "TeachMeSkills.DotNet.Task1", "src\TeachMeSkills.DotNet.Task1\TeachMeSkills.DotNet.Task1.csproj", "{27E9B749-C7CA-41B7-B53A-EE05AB46C8E0}"
EndProject
Project("{9A19103F-16F7-4668-BE54-9A1E7A4F7556}") = "TeachMeSkills.DotNet.Task3", "src\TeachMeSkills.DotNet.Task3\TeachMeSkills.DotNet.Task3.csproj", "{0B33AAA7-88D1-4EF4-BDCA-7AE576B1EE83}"
EndProject
Project("{9A19103F-16F7-4668-BE54-9A1E7A4F7556}") = "TeachMeSkills.DotNet.Task4", "src\TeachMeSkills.DotNet.Task4\TeachMeSkills.DotNet.Task4.csproj", "{5CA54B19-5164-4219-B50B-BDB6FC925D5F}"
EndProject
Project("{9A19103F-16F7-4668-BE54-9A1E7A4F7556}") = "TeachMeSkills.DotNet.Task5", "src\TeachMeSkills.DotNet.Task5\TeachMeSkills.DotNet.Task5.csproj", "{30AEEF0C-6F24-4E0E-B9A6-B575BC38395B}"
EndProject
Project("{9A19103F-16F7-4668-BE54-9A1E7A4F7556}") = "TeachMeSkills.DotNet.Task6", "src\TeachMeSkills.DotNet.Task6\TeachMeSkills.DotNet.Task6.csproj", "{A31258D0-143C-41AA-A8D4-7B48A7CF5552}"
EndProject
Project("{9A19103F-16F7-4668-BE54-9A1E7A4F7556}") = "TeachMeSkills.DotNet.Task9", "src\TeachMeSkills.DotNet.Task9\TeachMeSkills.DotNet.Task9.csproj", "{FC855D22-D72B-4C5C-9A6F-B7AD81285756}"
EndProject
Project("{9A19103F-16F7-4668-BE54-9A1E7A4F7556}") = "TeachMeSkills.DotNet.Task2", "src\TeachMeSkills.DotNet.Task2\TeachMeSkills.DotNet.Task2.csproj", "{A47BB8BF-0B56-42F4-B0DC-A11151ADDEAF}"
EndProject
Project("{9A19103F-16F7-4668-BE54-9A1E7A4F7556}") = "TeachMeSkills.DotNet.Task7", "src\TeachMeSkills.DotNet.Task7\TeachMeSkills.DotNet.Task7.csproj", "{C6A05835-43F6-4E3B-BC04-4B3429BFA226}"
EndProject
Project("{9A19103F-16F7-4668-BE54-9A1E7A4F7556}") = "TeachMeSkills.DotNet.Task8", "src\TeachMeSkills.DotNet.Task8\TeachMeSkills.DotNet.Task8.csproj", "{925AD54D-1CB5-4CC7-AB5B-A20ECDE9CA88}"
EndProject
Project("{9A19103F-16F7-4668-BE54-9A1E7A4F7556}") = "TeachMeSkills.DotNet.Task10", "src\TeachMeSkills.DotNet.Task10\TeachMeSkills.DotNet.Task10.csproj", "{B47846AE-7E5A-4FFE-BB29-C7D34A8CE1DB}"
EndProject
Project("{9A19103F-16F7-4668-BE54-9A1E7A4F7556}") = "TeachMeSkills.DotNet.Task11", "src\TeachMeSkills.DotNet.Task11\TeachMeSkills.DotNet.Task11.csproj", "{F8A0D800-6F3D-4144-B17D-00F736C66B05}"
EndProject
Project("{FAE04EC0-301F-11D3-BF4B-00C04F79EFBC}") = "TeachMeSkills.DotNet.Task12", "TeachMeSkills.DotNet.Task12\TeachMeSkills.DotNet.Task12.csproj", "{5BDD158A-2F7F-4791-9AA2-312493F99634}"
EndProject
Project("{FAE04EC0-301F-11D3-BF4B-00C04F79EFBC}") = "TeachMeSkills.DotNet.Task13", "TeachMeSkills.DotNet.Task13\TeachMeSkills.DotNet.Task13.csproj", "{387C4B82-2153-430A-81D1-455042701FB9}"
EndProject
Global
	GlobalSection(SolutionConfigurationPlatforms) = preSolution
		Debug|Any CPU = Debug|Any CPU
		Release|Any CPU = Release|Any CPU
	EndGlobalSection
	GlobalSection(ProjectConfigurationPlatforms) = postSolution
		{27E9B749-C7CA-41B7-B53A-EE05AB46C8E0}.Debug|Any CPU.ActiveCfg = Debug|Any CPU
		{27E9B749-C7CA-41B7-B53A-EE05AB46C8E0}.Debug|Any CPU.Build.0 = Debug|Any CPU
		{27E9B749-C7CA-41B7-B53A-EE05AB46C8E0}.Release|Any CPU.ActiveCfg = Release|Any CPU
		{27E9B749-C7CA-41B7-B53A-EE05AB46C8E0}.Release|Any CPU.Build.0 = Release|Any CPU
		{0B33AAA7-88D1-4EF4-BDCA-7AE576B1EE83}.Debug|Any CPU.ActiveCfg = Debug|Any CPU
		{0B33AAA7-88D1-4EF4-BDCA-7AE576B1EE83}.Debug|Any CPU.Build.0 = Debug|Any CPU
		{0B33AAA7-88D1-4EF4-BDCA-7AE576B1EE83}.Release|Any CPU.ActiveCfg = Release|Any CPU
		{0B33AAA7-88D1-4EF4-BDCA-7AE576B1EE83}.Release|Any CPU.Build.0 = Release|Any CPU
		{5CA54B19-5164-4219-B50B-BDB6FC925D5F}.Debug|Any CPU.ActiveCfg = Debug|Any CPU
		{5CA54B19-5164-4219-B50B-BDB6FC925D5F}.Debug|Any CPU.Build.0 = Debug|Any CPU
		{5CA54B19-5164-4219-B50B-BDB6FC925D5F}.Release|Any CPU.ActiveCfg = Release|Any CPU
		{5CA54B19-5164-4219-B50B-BDB6FC925D5F}.Release|Any CPU.Build.0 = Release|Any CPU
		{30AEEF0C-6F24-4E0E-B9A6-B575BC38395B}.Debug|Any CPU.ActiveCfg = Debug|Any CPU
		{30AEEF0C-6F24-4E0E-B9A6-B575BC38395B}.Debug|Any CPU.Build.0 = Debug|Any CPU
		{30AEEF0C-6F24-4E0E-B9A6-B575BC38395B}.Release|Any CPU.ActiveCfg = Release|Any CPU
		{30AEEF0C-6F24-4E0E-B9A6-B575BC38395B}.Release|Any CPU.Build.0 = Release|Any CPU
		{A31258D0-143C-41AA-A8D4-7B48A7CF5552}.Debug|Any CPU.ActiveCfg = Debug|Any CPU
		{A31258D0-143C-41AA-A8D4-7B48A7CF5552}.Debug|Any CPU.Build.0 = Debug|Any CPU
		{A31258D0-143C-41AA-A8D4-7B48A7CF5552}.Release|Any CPU.ActiveCfg = Release|Any CPU
		{A31258D0-143C-41AA-A8D4-7B48A7CF5552}.Release|Any CPU.Build.0 = Release|Any CPU
		{FC855D22-D72B-4C5C-9A6F-B7AD81285756}.Debug|Any CPU.ActiveCfg = Debug|Any CPU
		{FC855D22-D72B-4C5C-9A6F-B7AD81285756}.Debug|Any CPU.Build.0 = Debug|Any CPU
		{FC855D22-D72B-4C5C-9A6F-B7AD81285756}.Release|Any CPU.ActiveCfg = Release|Any CPU
		{FC855D22-D72B-4C5C-9A6F-B7AD81285756}.Release|Any CPU.Build.0 = Release|Any CPU
		{A47BB8BF-0B56-42F4-B0DC-A11151ADDEAF}.Debug|Any CPU.ActiveCfg = Debug|Any CPU
		{A47BB8BF-0B56-42F4-B0DC-A11151ADDEAF}.Debug|Any CPU.Build.0 = Debug|Any CPU
		{A47BB8BF-0B56-42F4-B0DC-A11151ADDEAF}.Release|Any CPU.ActiveCfg = Release|Any CPU
		{A47BB8BF-0B56-42F4-B0DC-A11151ADDEAF}.Release|Any CPU.Build.0 = Release|Any CPU
		{C6A05835-43F6-4E3B-BC04-4B3429BFA226}.Debug|Any CPU.ActiveCfg = Debug|Any CPU
		{C6A05835-43F6-4E3B-BC04-4B3429BFA226}.Debug|Any CPU.Build.0 = Debug|Any CPU
		{C6A05835-43F6-4E3B-BC04-4B3429BFA226}.Release|Any CPU.ActiveCfg = Release|Any CPU
		{C6A05835-43F6-4E3B-BC04-4B3429BFA226}.Release|Any CPU.Build.0 = Release|Any CPU
		{925AD54D-1CB5-4CC7-AB5B-A20ECDE9CA88}.Debug|Any CPU.ActiveCfg = Debug|Any CPU
		{925AD54D-1CB5-4CC7-AB5B-A20ECDE9CA88}.Debug|Any CPU.Build.0 = Debug|Any CPU
		{925AD54D-1CB5-4CC7-AB5B-A20ECDE9CA88}.Release|Any CPU.ActiveCfg = Release|Any CPU
		{925AD54D-1CB5-4CC7-AB5B-A20ECDE9CA88}.Release|Any CPU.Build.0 = Release|Any CPU
		{B47846AE-7E5A-4FFE-BB29-C7D34A8CE1DB}.Debug|Any CPU.ActiveCfg = Debug|Any CPU
		{B47846AE-7E5A-4FFE-BB29-C7D34A8CE1DB}.Debug|Any CPU.Build.0 = Debug|Any CPU
		{B47846AE-7E5A-4FFE-BB29-C7D34A8CE1DB}.Release|Any CPU.ActiveCfg = Release|Any CPU
		{B47846AE-7E5A-4FFE-BB29-C7D34A8CE1DB}.Release|Any CPU.Build.0 = Release|Any CPU
		{F8A0D800-6F3D-4144-B17D-00F736C66B05}.Debug|Any CPU.ActiveCfg = Debug|Any CPU
		{F8A0D800-6F3D-4144-B17D-00F736C66B05}.Debug|Any CPU.Build.0 = Debug|Any CPU
		{F8A0D800-6F3D-4144-B17D-00F736C66B05}.Release|Any CPU.ActiveCfg = Release|Any CPU
		{F8A0D800-6F3D-4144-B17D-00F736C66B05}.Release|Any CPU.Build.0 = Release|Any CPU
		{5BDD158A-2F7F-4791-9AA2-312493F99634}.Debug|Any CPU.ActiveCfg = Debug|Any CPU
		{5BDD158A-2F7F-4791-9AA2-312493F99634}.Debug|Any CPU.Build.0 = Debug|Any CPU
		{5BDD158A-2F7F-4791-9AA2-312493F99634}.Release|Any CPU.ActiveCfg = Release|Any CPU
		{5BDD158A-2F7F-4791-9AA2-312493F99634}.Release|Any CPU.Build.0 = Release|Any CPU
		{387C4B82-2153-430A-81D1-455042701FB9}.Debug|Any CPU.ActiveCfg = Debug|Any CPU
		{387C4B82-2153-430A-81D1-455042701FB9}.Debug|Any CPU.Build.0 = Debug|Any CPU
		{387C4B82-2153-430A-81D1-455042701FB9}.Release|Any CPU.ActiveCfg = Release|Any CPU
		{387C4B82-2153-430A-81D1-455042701FB9}.Release|Any CPU.Build.0 = Release|Any CPU
	EndGlobalSection
	GlobalSection(SolutionProperties) = preSolution
		HideSolutionNode = FALSE
	EndGlobalSection
	GlobalSection(NestedProjects) = preSolution
		{27E9B749-C7CA-41B7-B53A-EE05AB46C8E0} = {F2E7A0A3-E35B-4891-A97C-AABB0CCE2DDB}
		{0B33AAA7-88D1-4EF4-BDCA-7AE576B1EE83} = {F2E7A0A3-E35B-4891-A97C-AABB0CCE2DDB}
		{5CA54B19-5164-4219-B50B-BDB6FC925D5F} = {F2E7A0A3-E35B-4891-A97C-AABB0CCE2DDB}
		{30AEEF0C-6F24-4E0E-B9A6-B575BC38395B} = {F2E7A0A3-E35B-4891-A97C-AABB0CCE2DDB}
		{A31258D0-143C-41AA-A8D4-7B48A7CF5552} = {F2E7A0A3-E35B-4891-A97C-AABB0CCE2DDB}
		{FC855D22-D72B-4C5C-9A6F-B7AD81285756} = {F2E7A0A3-E35B-4891-A97C-AABB0CCE2DDB}
		{A47BB8BF-0B56-42F4-B0DC-A11151ADDEAF} = {F2E7A0A3-E35B-4891-A97C-AABB0CCE2DDB}
		{C6A05835-43F6-4E3B-BC04-4B3429BFA226} = {F2E7A0A3-E35B-4891-A97C-AABB0CCE2DDB}
		{925AD54D-1CB5-4CC7-AB5B-A20ECDE9CA88} = {F2E7A0A3-E35B-4891-A97C-AABB0CCE2DDB}
		{B47846AE-7E5A-4FFE-BB29-C7D34A8CE1DB} = {F2E7A0A3-E35B-4891-A97C-AABB0CCE2DDB}
		{F8A0D800-6F3D-4144-B17D-00F736C66B05} = {F2E7A0A3-E35B-4891-A97C-AABB0CCE2DDB}
		{5BDD158A-2F7F-4791-9AA2-312493F99634} = {F2E7A0A3-E35B-4891-A97C-AABB0CCE2DDB}
		{387C4B82-2153-430A-81D1-455042701FB9} = {F2E7A0A3-E35B-4891-A97C-AABB0CCE2DDB}
	EndGlobalSection
	GlobalSection(ExtensibilityGlobals) = postSolution
		SolutionGuid = {AB361F5D-A586-489F-BE2A-9BA764BA63B1}
	EndGlobalSection
EndGlobal
